
Microsoft Visual Studio Solution File, Format Version 12.00
# Visual Studio Version 17
VisualStudioVersion = 17.0.31912.275
MinimumVisualStudioVersion = 10.0.40219.1
Project("{9A19103F-16F7-4668-BE54-9A1E7A4F7556}") = "CrowdFunding", "CrowdFunding\CrowdFunding.csproj", "{C4B88786-5AAB-4ABB-B25B-9367D49FE28A}"
EndProject
Project("{9A19103F-16F7-4668-BE54-9A1E7A4F7556}") = "CrowdFundingMVC", "CrowdFundingMVC\CrowdFundingMVC.csproj", "{4E51161D-9BE2-4C2C-BC0F-3367E9612B9F}"
EndProject
Project("{9A19103F-16F7-4668-BE54-9A1E7A4F7556}") = "CrowdFundingAPI", "CrowdFundingAPI\CrowdFundingAPI.csproj", "{F8031D3B-7CCD-41E8-A897-A851AED7934D}"
EndProject
Global
	GlobalSection(SolutionConfigurationPlatforms) = preSolution
		Debug|Any CPU = Debug|Any CPU
		Release|Any CPU = Release|Any CPU
	EndGlobalSection
	GlobalSection(ProjectConfigurationPlatforms) = postSolution
		{C4B88786-5AAB-4ABB-B25B-9367D49FE28A}.Debug|Any CPU.ActiveCfg = Debug|Any CPU
		{C4B88786-5AAB-4ABB-B25B-9367D49FE28A}.Debug|Any CPU.Build.0 = Debug|Any CPU
		{C4B88786-5AAB-4ABB-B25B-9367D49FE28A}.Release|Any CPU.ActiveCfg = Release|Any CPU
		{C4B88786-5AAB-4ABB-B25B-9367D49FE28A}.Release|Any CPU.Build.0 = Release|Any CPU
		{4E51161D-9BE2-4C2C-BC0F-3367E9612B9F}.Debug|Any CPU.ActiveCfg = Debug|Any CPU
		{4E51161D-9BE2-4C2C-BC0F-3367E9612B9F}.Debug|Any CPU.Build.0 = Debug|Any CPU
		{4E51161D-9BE2-4C2C-BC0F-3367E9612B9F}.Release|Any CPU.ActiveCfg = Release|Any CPU
		{4E51161D-9BE2-4C2C-BC0F-3367E9612B9F}.Release|Any CPU.Build.0 = Release|Any CPU
		{F8031D3B-7CCD-41E8-A897-A851AED7934D}.Debug|Any CPU.ActiveCfg = Debug|Any CPU
		{F8031D3B-7CCD-41E8-A897-A851AED7934D}.Debug|Any CPU.Build.0 = Debug|Any CPU
		{F8031D3B-7CCD-41E8-A897-A851AED7934D}.Release|Any CPU.ActiveCfg = Release|Any CPU
		{F8031D3B-7CCD-41E8-A897-A851AED7934D}.Release|Any CPU.Build.0 = Release|Any CPU
	EndGlobalSection
	GlobalSection(SolutionProperties) = preSolution
		HideSolutionNode = FALSE
	EndGlobalSection
	GlobalSection(ExtensibilityGlobals) = postSolution
		SolutionGuid = {7A4DC8E4-C2CD-4751-8BE3-9512D8BE2CE9}
	EndGlobalSection
EndGlobal
