
Microsoft Visual Studio Solution File, Format Version 12.00
# Visual Studio Version 17
VisualStudioVersion = 17.0.31912.275
MinimumVisualStudioVersion = 10.0.40219.1
Project("{FAE04EC0-301F-11D3-BF4B-00C04F79EFBC}") = "CrowdFunding", "CrowdFunding\CrowdFunding.csproj", "{C4B88786-5AAB-4ABB-B25B-9367D49FE28A}"
EndProject
Global
	GlobalSection(SolutionConfigurationPlatforms) = preSolution
		Debug|Any CPU = Debug|Any CPU
		Release|Any CPU = Release|Any CPU
	EndGlobalSection
	GlobalSection(ProjectConfigurationPlatforms) = postSolution
		{C4B88786-5AAB-4ABB-B25B-9367D49FE28A}.Debug|Any CPU.ActiveCfg = Debug|Any CPU
		{C4B88786-5AAB-4ABB-B25B-9367D49FE28A}.Debug|Any CPU.Build.0 = Debug|Any CPU
		{C4B88786-5AAB-4ABB-B25B-9367D49FE28A}.Release|Any CPU.ActiveCfg = Release|Any CPU
		{C4B88786-5AAB-4ABB-B25B-9367D49FE28A}.Release|Any CPU.Build.0 = Release|Any CPU
	EndGlobalSection
	GlobalSection(SolutionProperties) = preSolution
		HideSolutionNode = FALSE
	EndGlobalSection
	GlobalSection(ExtensibilityGlobals) = postSolution
		SolutionGuid = {7A4DC8E4-C2CD-4751-8BE3-9512D8BE2CE9}
	EndGlobalSection
EndGlobal
